// !$*UTF8*$!
{
	archiveVersion = 1;
	classes = {
	};
	objectVersion = 56;
	objects = {

/* Begin PBXBuildFile section */
		04B23B0329B9F5D400E46DC3 /* AppDelegate.swift in Sources */ = {isa = PBXBuildFile; fileRef = 04B23B0229B9F5D400E46DC3 /* AppDelegate.swift */; };
		04B23B0529B9F5D400E46DC3 /* SceneDelegate.swift in Sources */ = {isa = PBXBuildFile; fileRef = 04B23B0429B9F5D400E46DC3 /* SceneDelegate.swift */; };
		04B23B0729B9F5D400E46DC3 /* ViewController.swift in Sources */ = {isa = PBXBuildFile; fileRef = 04B23B0629B9F5D400E46DC3 /* ViewController.swift */; };
		04B23B0A29B9F5D400E46DC3 /* Main.storyboard in Resources */ = {isa = PBXBuildFile; fileRef = 04B23B0829B9F5D400E46DC3 /* Main.storyboard */; };
		04B23B0C29B9F5D500E46DC3 /* Assets.xcassets in Resources */ = {isa = PBXBuildFile; fileRef = 04B23B0B29B9F5D500E46DC3 /* Assets.xcassets */; };
		04B23B0F29B9F5D500E46DC3 /* LaunchScreen.storyboard in Resources */ = {isa = PBXBuildFile; fileRef = 04B23B0D29B9F5D500E46DC3 /* LaunchScreen.storyboard */; };
		04B23B1A29B9F5D600E46DC3 /* LEDBoardTests.swift in Sources */ = {isa = PBXBuildFile; fileRef = 04B23B1929B9F5D600E46DC3 /* LEDBoardTests.swift */; };
		04B23B2429B9F5D600E46DC3 /* LEDBoardUITests.swift in Sources */ = {isa = PBXBuildFile; fileRef = 04B23B2329B9F5D600E46DC3 /* LEDBoardUITests.swift */; };
		04B23B2629B9F5D600E46DC3 /* LEDBoardUITestsLaunchTests.swift in Sources */ = {isa = PBXBuildFile; fileRef = 04B23B2529B9F5D600E46DC3 /* LEDBoardUITestsLaunchTests.swift */; };
		04B23B3329BA025800E46DC3 /* SettingViewController.swift in Sources */ = {isa = PBXBuildFile; fileRef = 04B23B3229BA025800E46DC3 /* SettingViewController.swift */; };
/* End PBXBuildFile section */

/* Begin PBXContainerItemProxy section */
		04B23B1629B9F5D600E46DC3 /* PBXContainerItemProxy */ = {
			isa = PBXContainerItemProxy;
			containerPortal = 04B23AF729B9F5D400E46DC3 /* Project object */;
			proxyType = 1;
			remoteGlobalIDString = 04B23AFE29B9F5D400E46DC3;
			remoteInfo = LEDBoard;
		};
		04B23B2029B9F5D600E46DC3 /* PBXContainerItemProxy */ = {
			isa = PBXContainerItemProxy;
			containerPortal = 04B23AF729B9F5D400E46DC3 /* Project object */;
			proxyType = 1;
			remoteGlobalIDString = 04B23AFE29B9F5D400E46DC3;
			remoteInfo = LEDBoard;
		};
/* End PBXContainerItemProxy section */

/* Begin PBXFileReference section */
		04B23AFF29B9F5D400E46DC3 /* LEDBoard.app */ = {isa = PBXFileReference; explicitFileType = wrapper.application; includeInIndex = 0; path = LEDBoard.app; sourceTree = BUILT_PRODUCTS_DIR; };
		04B23B0229B9F5D400E46DC3 /* AppDelegate.swift */ = {isa = PBXFileReference; lastKnownFileType = sourcecode.swift; path = AppDelegate.swift; sourceTree = "<group>"; };
		04B23B0429B9F5D400E46DC3 /* SceneDelegate.swift */ = {isa = PBXFileReference; lastKnownFileType = sourcecode.swift; path = SceneDelegate.swift; sourceTree = "<group>"; };
		04B23B0629B9F5D400E46DC3 /* ViewController.swift */ = {isa = PBXFileReference; lastKnownFileType = sourcecode.swift; path = ViewController.swift; sourceTree = "<group>"; };
		04B23B0929B9F5D400E46DC3 /* Base */ = {isa = PBXFileReference; lastKnownFileType = file.storyboard; name = Base; path = Base.lproj/Main.storyboard; sourceTree = "<group>"; };
		04B23B0B29B9F5D500E46DC3 /* Assets.xcassets */ = {isa = PBXFileReference; lastKnownFileType = folder.assetcatalog; path = Assets.xcassets; sourceTree = "<group>"; };
		04B23B0E29B9F5D500E46DC3 /* Base */ = {isa = PBXFileReference; lastKnownFileType = file.storyboard; name = Base; path = Base.lproj/LaunchScreen.storyboard; sourceTree = "<group>"; };
		04B23B1029B9F5D600E46DC3 /* Info.plist */ = {isa = PBXFileReference; lastKnownFileType = text.plist.xml; path = Info.plist; sourceTree = "<group>"; };
		04B23B1529B9F5D600E46DC3 /* LEDBoardTests.xctest */ = {isa = PBXFileReference; explicitFileType = wrapper.cfbundle; includeInIndex = 0; path = LEDBoardTests.xctest; sourceTree = BUILT_PRODUCTS_DIR; };
		04B23B1929B9F5D600E46DC3 /* LEDBoardTests.swift */ = {isa = PBXFileReference; lastKnownFileType = sourcecode.swift; path = LEDBoardTests.swift; sourceTree = "<group>"; };
		04B23B1F29B9F5D600E46DC3 /* LEDBoardUITests.xctest */ = {isa = PBXFileReference; explicitFileType = wrapper.cfbundle; includeInIndex = 0; path = LEDBoardUITests.xctest; sourceTree = BUILT_PRODUCTS_DIR; };
		04B23B2329B9F5D600E46DC3 /* LEDBoardUITests.swift */ = {isa = PBXFileReference; lastKnownFileType = sourcecode.swift; path = LEDBoardUITests.swift; sourceTree = "<group>"; };
		04B23B2529B9F5D600E46DC3 /* LEDBoardUITestsLaunchTests.swift */ = {isa = PBXFileReference; lastKnownFileType = sourcecode.swift; path = LEDBoardUITestsLaunchTests.swift; sourceTree = "<group>"; };
		04B23B3229BA025800E46DC3 /* SettingViewController.swift */ = {isa = PBXFileReference; lastKnownFileType = sourcecode.swift; path = SettingViewController.swift; sourceTree = "<group>"; };
/* End PBXFileReference section */

/* Begin PBXFrameworksBuildPhase section */
		04B23AFC29B9F5D400E46DC3 /* Frameworks */ = {
			isa = PBXFrameworksBuildPhase;
			buildActionMask = 2147483647;
			files = (
			);
			runOnlyForDeploymentPostprocessing = 0;
		};
		04B23B1229B9F5D600E46DC3 /* Frameworks */ = {
			isa = PBXFrameworksBuildPhase;
			buildActionMask = 2147483647;
			files = (
			);
			runOnlyForDeploymentPostprocessing = 0;
		};
		04B23B1C29B9F5D600E46DC3 /* Frameworks */ = {
			isa = PBXFrameworksBuildPhase;
			buildActionMask = 2147483647;
			files = (
			);
			runOnlyForDeploymentPostprocessing = 0;
		};
/* End PBXFrameworksBuildPhase section */

/* Begin PBXGroup section */
		04B23AF629B9F5D400E46DC3 = {
			isa = PBXGroup;
			children = (
				04B23B0129B9F5D400E46DC3 /* LEDBoard */,
				04B23B1829B9F5D600E46DC3 /* LEDBoardTests */,
				04B23B2229B9F5D600E46DC3 /* LEDBoardUITests */,
				04B23B0029B9F5D400E46DC3 /* Products */,
			);
			sourceTree = "<group>";
		};
		04B23B0029B9F5D400E46DC3 /* Products */ = {
			isa = PBXGroup;
			children = (
				04B23AFF29B9F5D400E46DC3 /* LEDBoard.app */,
				04B23B1529B9F5D600E46DC3 /* LEDBoardTests.xctest */,
				04B23B1F29B9F5D600E46DC3 /* LEDBoardUITests.xctest */,
			);
			name = Products;
			sourceTree = "<group>";
		};
		04B23B0129B9F5D400E46DC3 /* LEDBoard */ = {
			isa = PBXGroup;
			children = (
				04B23B0229B9F5D400E46DC3 /* AppDelegate.swift */,
				04B23B0429B9F5D400E46DC3 /* SceneDelegate.swift */,
				04B23B0629B9F5D400E46DC3 /* ViewController.swift */,
				04B23B0829B9F5D400E46DC3 /* Main.storyboard */,
				04B23B3229BA025800E46DC3 /* SettingViewController.swift */,
				04B23B0B29B9F5D500E46DC3 /* Assets.xcassets */,
				04B23B0D29B9F5D500E46DC3 /* LaunchScreen.storyboard */,
				04B23B1029B9F5D600E46DC3 /* Info.plist */,
			);
			path = LEDBoard;
			sourceTree = "<group>";
		};
		04B23B1829B9F5D600E46DC3 /* LEDBoardTests */ = {
			isa = PBXGroup;
			children = (
				04B23B1929B9F5D600E46DC3 /* LEDBoardTests.swift */,
			);
			path = LEDBoardTests;
			sourceTree = "<group>";
		};
		04B23B2229B9F5D600E46DC3 /* LEDBoardUITests */ = {
			isa = PBXGroup;
			children = (
				04B23B2329B9F5D600E46DC3 /* LEDBoardUITests.swift */,
				04B23B2529B9F5D600E46DC3 /* LEDBoardUITestsLaunchTests.swift */,
			);
			path = LEDBoardUITests;
			sourceTree = "<group>";
		};
/* End PBXGroup section */

/* Begin PBXNativeTarget section */
		04B23AFE29B9F5D400E46DC3 /* LEDBoard */ = {
			isa = PBXNativeTarget;
			buildConfigurationList = 04B23B2929B9F5D600E46DC3 /* Build configuration list for PBXNativeTarget "LEDBoard" */;
			buildPhases = (
				04B23AFB29B9F5D400E46DC3 /* Sources */,
				04B23AFC29B9F5D400E46DC3 /* Frameworks */,
				04B23AFD29B9F5D400E46DC3 /* Resources */,
			);
			buildRules = (
			);
			dependencies = (
			);
			name = LEDBoard;
			productName = LEDBoard;
			productReference = 04B23AFF29B9F5D400E46DC3 /* LEDBoard.app */;
			productType = "com.apple.product-type.application";
		};
		04B23B1429B9F5D600E46DC3 /* LEDBoardTests */ = {
			isa = PBXNativeTarget;
			buildConfigurationList = 04B23B2C29B9F5D600E46DC3 /* Build configuration list for PBXNativeTarget "LEDBoardTests" */;
			buildPhases = (
				04B23B1129B9F5D600E46DC3 /* Sources */,
				04B23B1229B9F5D600E46DC3 /* Frameworks */,
				04B23B1329B9F5D600E46DC3 /* Resources */,
			);
			buildRules = (
			);
			dependencies = (
				04B23B1729B9F5D600E46DC3 /* PBXTargetDependency */,
			);
			name = LEDBoardTests;
			productName = LEDBoardTests;
			productReference = 04B23B1529B9F5D600E46DC3 /* LEDBoardTests.xctest */;
			productType = "com.apple.product-type.bundle.unit-test";
		};
		04B23B1E29B9F5D600E46DC3 /* LEDBoardUITests */ = {
			isa = PBXNativeTarget;
			buildConfigurationList = 04B23B2F29B9F5D600E46DC3 /* Build configuration list for PBXNativeTarget "LEDBoardUITests" */;
			buildPhases = (
				04B23B1B29B9F5D600E46DC3 /* Sources */,
				04B23B1C29B9F5D600E46DC3 /* Frameworks */,
				04B23B1D29B9F5D600E46DC3 /* Resources */,
			);
			buildRules = (
			);
			dependencies = (
				04B23B2129B9F5D600E46DC3 /* PBXTargetDependency */,
			);
			name = LEDBoardUITests;
			productName = LEDBoardUITests;
			productReference = 04B23B1F29B9F5D600E46DC3 /* LEDBoardUITests.xctest */;
			productType = "com.apple.product-type.bundle.ui-testing";
		};
/* End PBXNativeTarget section */

/* Begin PBXProject section */
		04B23AF729B9F5D400E46DC3 /* Project object */ = {
			isa = PBXProject;
			attributes = {
				BuildIndependentTargetsInParallel = 1;
				LastSwiftUpdateCheck = 1420;
				LastUpgradeCheck = 1420;
				TargetAttributes = {
					04B23AFE29B9F5D400E46DC3 = {
						CreatedOnToolsVersion = 14.2;
					};
					04B23B1429B9F5D600E46DC3 = {
						CreatedOnToolsVersion = 14.2;
						TestTargetID = 04B23AFE29B9F5D400E46DC3;
					};
					04B23B1E29B9F5D600E46DC3 = {
						CreatedOnToolsVersion = 14.2;
						TestTargetID = 04B23AFE29B9F5D400E46DC3;
					};
				};
			};
			buildConfigurationList = 04B23AFA29B9F5D400E46DC3 /* Build configuration list for PBXProject "LEDBoard" */;
			compatibilityVersion = "Xcode 14.0";
			developmentRegion = en;
			hasScannedForEncodings = 0;
			knownRegions = (
				en,
				Base,
			);
			mainGroup = 04B23AF629B9F5D400E46DC3;
			productRefGroup = 04B23B0029B9F5D400E46DC3 /* Products */;
			projectDirPath = "";
			projectRoot = "";
			targets = (
				04B23AFE29B9F5D400E46DC3 /* LEDBoard */,
				04B23B1429B9F5D600E46DC3 /* LEDBoardTests */,
				04B23B1E29B9F5D600E46DC3 /* LEDBoardUITests */,
			);
		};
/* End PBXProject section */

/* Begin PBXResourcesBuildPhase section */
		04B23AFD29B9F5D400E46DC3 /* Resources */ = {
			isa = PBXResourcesBuildPhase;
			buildActionMask = 2147483647;
			files = (
				04B23B0F29B9F5D500E46DC3 /* LaunchScreen.storyboard in Resources */,
				04B23B0C29B9F5D500E46DC3 /* Assets.xcassets in Resources */,
				04B23B0A29B9F5D400E46DC3 /* Main.storyboard in Resources */,
			);
			runOnlyForDeploymentPostprocessing = 0;
		};
		04B23B1329B9F5D600E46DC3 /* Resources */ = {
			isa = PBXResourcesBuildPhase;
			buildActionMask = 2147483647;
			files = (
			);
			runOnlyForDeploymentPostprocessing = 0;
		};
		04B23B1D29B9F5D600E46DC3 /* Resources */ = {
			isa = PBXResourcesBuildPhase;
			buildActionMask = 2147483647;
			files = (
			);
			runOnlyForDeploymentPostprocessing = 0;
		};
/* End PBXResourcesBuildPhase section */

/* Begin PBXSourcesBuildPhase section */
		04B23AFB29B9F5D400E46DC3 /* Sources */ = {
			isa = PBXSourcesBuildPhase;
			buildActionMask = 2147483647;
			files = (
				04B23B0729B9F5D400E46DC3 /* ViewController.swift in Sources */,
				04B23B0329B9F5D400E46DC3 /* AppDelegate.swift in Sources */,
				04B23B0529B9F5D400E46DC3 /* SceneDelegate.swift in Sources */,
				04B23B3329BA025800E46DC3 /* SettingViewController.swift in Sources */,
			);
			runOnlyForDeploymentPostprocessing = 0;
		};
		04B23B1129B9F5D600E46DC3 /* Sources */ = {
			isa = PBXSourcesBuildPhase;
			buildActionMask = 2147483647;
			files = (
				04B23B1A29B9F5D600E46DC3 /* LEDBoardTests.swift in Sources */,
			);
			runOnlyForDeploymentPostprocessing = 0;
		};
		04B23B1B29B9F5D600E46DC3 /* Sources */ = {
			isa = PBXSourcesBuildPhase;
			buildActionMask = 2147483647;
			files = (
				04B23B2629B9F5D600E46DC3 /* LEDBoardUITestsLaunchTests.swift in Sources */,
				04B23B2429B9F5D600E46DC3 /* LEDBoardUITests.swift in Sources */,
			);
			runOnlyForDeploymentPostprocessing = 0;
		};
/* End PBXSourcesBuildPhase section */

/* Begin PBXTargetDependency section */
		04B23B1729B9F5D600E46DC3 /* PBXTargetDependency */ = {
			isa = PBXTargetDependency;
			target = 04B23AFE29B9F5D400E46DC3 /* LEDBoard */;
			targetProxy = 04B23B1629B9F5D600E46DC3 /* PBXContainerItemProxy */;
		};
		04B23B2129B9F5D600E46DC3 /* PBXTargetDependency */ = {
			isa = PBXTargetDependency;
			target = 04B23AFE29B9F5D400E46DC3 /* LEDBoard */;
			targetProxy = 04B23B2029B9F5D600E46DC3 /* PBXContainerItemProxy */;
		};
/* End PBXTargetDependency section */

/* Begin PBXVariantGroup section */
		04B23B0829B9F5D400E46DC3 /* Main.storyboard */ = {
			isa = PBXVariantGroup;
			children = (
				04B23B0929B9F5D400E46DC3 /* Base */,
			);
			name = Main.storyboard;
			sourceTree = "<group>";
		};
		04B23B0D29B9F5D500E46DC3 /* LaunchScreen.storyboard */ = {
			isa = PBXVariantGroup;
			children = (
				04B23B0E29B9F5D500E46DC3 /* Base */,
			);
			name = LaunchScreen.storyboard;
			sourceTree = "<group>";
		};
/* End PBXVariantGroup section */

/* Begin XCBuildConfiguration section */
		04B23B2729B9F5D600E46DC3 /* Debug */ = {
			isa = XCBuildConfiguration;
			buildSettings = {
				ALWAYS_SEARCH_USER_PATHS = NO;
				CLANG_ANALYZER_NONNULL = YES;
				CLANG_ANALYZER_NUMBER_OBJECT_CONVERSION = YES_AGGRESSIVE;
				CLANG_CXX_LANGUAGE_STANDARD = "gnu++20";
				CLANG_ENABLE_MODULES = YES;
				CLANG_ENABLE_OBJC_ARC = YES;
				CLANG_ENABLE_OBJC_WEAK = YES;
				CLANG_WARN_BLOCK_CAPTURE_AUTORELEASING = YES;
				CLANG_WARN_BOOL_CONVERSION = YES;
				CLANG_WARN_COMMA = YES;
				CLANG_WARN_CONSTANT_CONVERSION = YES;
				CLANG_WARN_DEPRECATED_OBJC_IMPLEMENTATIONS = YES;
				CLANG_WARN_DIRECT_OBJC_ISA_USAGE = YES_ERROR;
				CLANG_WARN_DOCUMENTATION_COMMENTS = YES;
				CLANG_WARN_EMPTY_BODY = YES;
				CLANG_WARN_ENUM_CONVERSION = YES;
				CLANG_WARN_INFINITE_RECURSION = YES;
				CLANG_WARN_INT_CONVERSION = YES;
				CLANG_WARN_NON_LITERAL_NULL_CONVERSION = YES;
				CLANG_WARN_OBJC_IMPLICIT_RETAIN_SELF = YES;
				CLANG_WARN_OBJC_LITERAL_CONVERSION = YES;
				CLANG_WARN_OBJC_ROOT_CLASS = YES_ERROR;
				CLANG_WARN_QUOTED_INCLUDE_IN_FRAMEWORK_HEADER = YES;
				CLANG_WARN_RANGE_LOOP_ANALYSIS = YES;
				CLANG_WARN_STRICT_PROTOTYPES = YES;
				CLANG_WARN_SUSPICIOUS_MOVE = YES;
				CLANG_WARN_UNGUARDED_AVAILABILITY = YES_AGGRESSIVE;
				CLANG_WARN_UNREACHABLE_CODE = YES;
				CLANG_WARN__DUPLICATE_METHOD_MATCH = YES;
				COPY_PHASE_STRIP = NO;
				DEBUG_INFORMATION_FORMAT = dwarf;
				ENABLE_STRICT_OBJC_MSGSEND = YES;
				ENABLE_TESTABILITY = YES;
				GCC_C_LANGUAGE_STANDARD = gnu11;
				GCC_DYNAMIC_NO_PIC = NO;
				GCC_NO_COMMON_BLOCKS = YES;
				GCC_OPTIMIZATION_LEVEL = 0;
				GCC_PREPROCESSOR_DEFINITIONS = (
					"DEBUG=1",
					"$(inherited)",
				);
				GCC_WARN_64_TO_32_BIT_CONVERSION = YES;
				GCC_WARN_ABOUT_RETURN_TYPE = YES_ERROR;
				GCC_WARN_UNDECLARED_SELECTOR = YES;
				GCC_WARN_UNINITIALIZED_AUTOS = YES_AGGRESSIVE;
				GCC_WARN_UNUSED_FUNCTION = YES;
				GCC_WARN_UNUSED_VARIABLE = YES;
				IPHONEOS_DEPLOYMENT_TARGET = 16.2;
				MTL_ENABLE_DEBUG_INFO = INCLUDE_SOURCE;
				MTL_FAST_MATH = YES;
				ONLY_ACTIVE_ARCH = YES;
				SDKROOT = iphoneos;
				SWIFT_ACTIVE_COMPILATION_CONDITIONS = DEBUG;
				SWIFT_OPTIMIZATION_LEVEL = "-Onone";
			};
			name = Debug;
		};
		04B23B2829B9F5D600E46DC3 /* Release */ = {
			isa = XCBuildConfiguration;
			buildSettings = {
				ALWAYS_SEARCH_USER_PATHS = NO;
				CLANG_ANALYZER_NONNULL = YES;
				CLANG_ANALYZER_NUMBER_OBJECT_CONVERSION = YES_AGGRESSIVE;
				CLANG_CXX_LANGUAGE_STANDARD = "gnu++20";
				CLANG_ENABLE_MODULES = YES;
				CLANG_ENABLE_OBJC_ARC = YES;
				CLANG_ENABLE_OBJC_WEAK = YES;
				CLANG_WARN_BLOCK_CAPTURE_AUTORELEASING = YES;
				CLANG_WARN_BOOL_CONVERSION = YES;
				CLANG_WARN_COMMA = YES;
				CLANG_WARN_CONSTANT_CONVERSION = YES;
				CLANG_WARN_DEPRECATED_OBJC_IMPLEMENTATIONS = YES;
				CLANG_WARN_DIRECT_OBJC_ISA_USAGE = YES_ERROR;
				CLANG_WARN_DOCUMENTATION_COMMENTS = YES;
				CLANG_WARN_EMPTY_BODY = YES;
				CLANG_WARN_ENUM_CONVERSION = YES;
				CLANG_WARN_INFINITE_RECURSION = YES;
				CLANG_WARN_INT_CONVERSION = YES;
				CLANG_WARN_NON_LITERAL_NULL_CONVERSION = YES;
				CLANG_WARN_OBJC_IMPLICIT_RETAIN_SELF = YES;
				CLANG_WARN_OBJC_LITERAL_CONVERSION = YES;
				CLANG_WARN_OBJC_ROOT_CLASS = YES_ERROR;
				CLANG_WARN_QUOTED_INCLUDE_IN_FRAMEWORK_HEADER = YES;
				CLANG_WARN_RANGE_LOOP_ANALYSIS = YES;
				CLANG_WARN_STRICT_PROTOTYPES = YES;
				CLANG_WARN_SUSPICIOUS_MOVE = YES;
				CLANG_WARN_UNGUARDED_AVAILABILITY = YES_AGGRESSIVE;
				CLANG_WARN_UNREACHABLE_CODE = YES;
				CLANG_WARN__DUPLICATE_METHOD_MATCH = YES;
				COPY_PHASE_STRIP = NO;
				DEBUG_INFORMATION_FORMAT = "dwarf-with-dsym";
				ENABLE_NS_ASSERTIONS = NO;
				ENABLE_STRICT_OBJC_MSGSEND = YES;
				GCC_C_LANGUAGE_STANDARD = gnu11;
				GCC_NO_COMMON_BLOCKS = YES;
				GCC_WARN_64_TO_32_BIT_CONVERSION = YES;
				GCC_WARN_ABOUT_RETURN_TYPE = YES_ERROR;
				GCC_WARN_UNDECLARED_SELECTOR = YES;
				GCC_WARN_UNINITIALIZED_AUTOS = YES_AGGRESSIVE;
				GCC_WARN_UNUSED_FUNCTION = YES;
				GCC_WARN_UNUSED_VARIABLE = YES;
				IPHONEOS_DEPLOYMENT_TARGET = 16.2;
				MTL_ENABLE_DEBUG_INFO = NO;
				MTL_FAST_MATH = YES;
				SDKROOT = iphoneos;
				SWIFT_COMPILATION_MODE = wholemodule;
				SWIFT_OPTIMIZATION_LEVEL = "-O";
				VALIDATE_PRODUCT = YES;
			};
			name = Release;
		};
		04B23B2A29B9F5D600E46DC3 /* Debug */ = {
			isa = XCBuildConfiguration;
			buildSettings = {
				ASSETCATALOG_COMPILER_APPICON_NAME = AppIcon;
				ASSETCATALOG_COMPILER_GLOBAL_ACCENT_COLOR_NAME = AccentColor;
				CODE_SIGN_STYLE = Automatic;
				CURRENT_PROJECT_VERSION = 1;
				DEVELOPMENT_TEAM = C228F79P72;
				GENERATE_INFOPLIST_FILE = YES;
				INFOPLIST_FILE = LEDBoard/Info.plist;
				INFOPLIST_KEY_UIApplicationSupportsIndirectInputEvents = YES;
				INFOPLIST_KEY_UILaunchStoryboardName = LaunchScreen;
				INFOPLIST_KEY_UIMainStoryboardFile = Main;
				INFOPLIST_KEY_UISupportedInterfaceOrientations_iPad = "UIInterfaceOrientationPortrait UIInterfaceOrientationPortraitUpsideDown UIInterfaceOrientationLandscapeLeft UIInterfaceOrientationLandscapeRight";
				INFOPLIST_KEY_UISupportedInterfaceOrientations_iPhone = "UIInterfaceOrientationPortrait UIInterfaceOrientationLandscapeLeft UIInterfaceOrientationLandscapeRight";
				IPHONEOS_DEPLOYMENT_TARGET = 16.0;
				LD_RUNPATH_SEARCH_PATHS = (
					"$(inherited)",
					"@executable_path/Frameworks",
				);
				MARKETING_VERSION = 1.0;
				PRODUCT_BUNDLE_IDENTIFIER = minsoo.LEDBoard;
				PRODUCT_NAME = "$(TARGET_NAME)";
				SWIFT_EMIT_LOC_STRINGS = YES;
				SWIFT_VERSION = 5.0;
				TARGETED_DEVICE_FAMILY = "1,2";
			};
			name = Debug;
		};
		04B23B2B29B9F5D600E46DC3 /* Release */ = {
			isa = XCBuildConfiguration;
			buildSettings = {
				ASSETCATALOG_COMPILER_APPICON_NAME = AppIcon;
				ASSETCATALOG_COMPILER_GLOBAL_ACCENT_COLOR_NAME = AccentColor;
				CODE_SIGN_STYLE = Automatic;
				CURRENT_PROJECT_VERSION = 1;
				DEVELOPMENT_TEAM = C228F79P72;
				GENERATE_INFOPLIST_FILE = YES;
				INFOPLIST_FILE = LEDBoard/Info.plist;
				INFOPLIST_KEY_UIApplicationSupportsIndirectInputEvents = YES;
				INFOPLIST_KEY_UILaunchStoryboardName = LaunchScreen;
				INFOPLIST_KEY_UIMainStoryboardFile = Main;
				INFOPLIST_KEY_UISupportedInterfaceOrientations_iPad = "UIInterfaceOrientationPortrait UIInterfaceOrientationPortraitUpsideDown UIInterfaceOrientationLandscapeLeft UIInterfaceOrientationLandscapeRight";
				INFOPLIST_KEY_UISupportedInterfaceOrientations_iPhone = "UIInterfaceOrientationPortrait UIInterfaceOrientationLandscapeLeft UIInterfaceOrientationLandscapeRight";
				IPHONEOS_DEPLOYMENT_TARGET = 16.0;
				LD_RUNPATH_SEARCH_PATHS = (
					"$(inherited)",
					"@executable_path/Frameworks",
				);
				MARKETING_VERSION = 1.0;
				PRODUCT_BUNDLE_IDENTIFIER = minsoo.LEDBoard;
				PRODUCT_NAME = "$(TARGET_NAME)";
				SWIFT_EMIT_LOC_STRINGS = YES;
				SWIFT_VERSION = 5.0;
				TARGETED_DEVICE_FAMILY = "1,2";
			};
			name = Release;
		};
		04B23B2D29B9F5D600E46DC3 /* Debug */ = {
			isa = XCBuildConfiguration;
			buildSettings = {
				ALWAYS_EMBED_SWIFT_STANDARD_LIBRARIES = YES;
				BUNDLE_LOADER = "$(TEST_HOST)";
				CODE_SIGN_STYLE = Automatic;
				CURRENT_PROJECT_VERSION = 1;
				DEVELOPMENT_TEAM = C228F79P72;
				GENERATE_INFOPLIST_FILE = YES;
				IPHONEOS_DEPLOYMENT_TARGET = 16.2;
				MARKETING_VERSION = 1.0;
				PRODUCT_BUNDLE_IDENTIFIER = minsoo.LEDBoardTests;
				PRODUCT_NAME = "$(TARGET_NAME)";
				SWIFT_EMIT_LOC_STRINGS = NO;
				SWIFT_VERSION = 5.0;
				TARGETED_DEVICE_FAMILY = "1,2";
				TEST_HOST = "$(BUILT_PRODUCTS_DIR)/LEDBoard.app/$(BUNDLE_EXECUTABLE_FOLDER_PATH)/LEDBoard";
			};
			name = Debug;
		};
		04B23B2E29B9F5D600E46DC3 /* Release */ = {
			isa = XCBuildConfiguration;
			buildSettings = {
				ALWAYS_EMBED_SWIFT_STANDARD_LIBRARIES = YES;
				BUNDLE_LOADER = "$(TEST_HOST)";
				CODE_SIGN_STYLE = Automatic;
				CURRENT_PROJECT_VERSION = 1;
				DEVELOPMENT_TEAM = C228F79P72;
				GENERATE_INFOPLIST_FILE = YES;
				IPHONEOS_DEPLOYMENT_TARGET = 16.2;
				MARKETING_VERSION = 1.0;
				PRODUCT_BUNDLE_IDENTIFIER = minsoo.LEDBoardTests;
				PRODUCT_NAME = "$(TARGET_NAME)";
				SWIFT_EMIT_LOC_STRINGS = NO;
				SWIFT_VERSION = 5.0;
				TARGETED_DEVICE_FAMILY = "1,2";
				TEST_HOST = "$(BUILT_PRODUCTS_DIR)/LEDBoard.app/$(BUNDLE_EXECUTABLE_FOLDER_PATH)/LEDBoard";
			};
			name = Release;
		};
		04B23B3029B9F5D600E46DC3 /* Debug */ = {
			isa = XCBuildConfiguration;
			buildSettings = {
				ALWAYS_EMBED_SWIFT_STANDARD_LIBRARIES = YES;
				CODE_SIGN_STYLE = Automatic;
				CURRENT_PROJECT_VERSION = 1;
				DEVELOPMENT_TEAM = C228F79P72;
				GENERATE_INFOPLIST_FILE = YES;
				MARKETING_VERSION = 1.0;
				PRODUCT_BUNDLE_IDENTIFIER = minsoo.LEDBoardUITests;
				PRODUCT_NAME = "$(TARGET_NAME)";
				SWIFT_EMIT_LOC_STRINGS = NO;
				SWIFT_VERSION = 5.0;
				TARGETED_DEVICE_FAMILY = "1,2";
				TEST_TARGET_NAME = LEDBoard;
			};
			name = Debug;
		};
		04B23B3129B9F5D600E46DC3 /* Release */ = {
			isa = XCBuildConfiguration;
			buildSettings = {
				ALWAYS_EMBED_SWIFT_STANDARD_LIBRARIES = YES;
				CODE_SIGN_STYLE = Automatic;
				CURRENT_PROJECT_VERSION = 1;
				DEVELOPMENT_TEAM = C228F79P72;
				GENERATE_INFOPLIST_FILE = YES;
				MARKETING_VERSION = 1.0;
				PRODUCT_BUNDLE_IDENTIFIER = minsoo.LEDBoardUITests;
				PRODUCT_NAME = "$(TARGET_NAME)";
				SWIFT_EMIT_LOC_STRINGS = NO;
				SWIFT_VERSION = 5.0;
				TARGETED_DEVICE_FAMILY = "1,2";
				TEST_TARGET_NAME = LEDBoard;
			};
			name = Release;
		};
/* End XCBuildConfiguration section */

/* Begin XCConfigurationList section */
		04B23AFA29B9F5D400E46DC3 /* Build configuration list for PBXProject "LEDBoard" */ = {
			isa = XCConfigurationList;
			buildConfigurations = (
				04B23B2729B9F5D600E46DC3 /* Debug */,
				04B23B2829B9F5D600E46DC3 /* Release */,
			);
			defaultConfigurationIsVisible = 0;
			defaultConfigurationName = Release;
		};
		04B23B2929B9F5D600E46DC3 /* Build configuration list for PBXNativeTarget "LEDBoard" */ = {
			isa = XCConfigurationList;
			buildConfigurations = (
				04B23B2A29B9F5D600E46DC3 /* Debug */,
				04B23B2B29B9F5D600E46DC3 /* Release */,
			);
			defaultConfigurationIsVisible = 0;
			defaultConfigurationName = Release;
		};
		04B23B2C29B9F5D600E46DC3 /* Build configuration list for PBXNativeTarget "LEDBoardTests" */ = {
			isa = XCConfigurationList;
			buildConfigurations = (
				04B23B2D29B9F5D600E46DC3 /* Debug */,
				04B23B2E29B9F5D600E46DC3 /* Release */,
			);
			defaultConfigurationIsVisible = 0;
			defaultConfigurationName = Release;
		};
		04B23B2F29B9F5D600E46DC3 /* Build configuration list for PBXNativeTarget "LEDBoardUITests" */ = {
			isa = XCConfigurationList;
			buildConfigurations = (
				04B23B3029B9F5D600E46DC3 /* Debug */,
				04B23B3129B9F5D600E46DC3 /* Release */,
			);
			defaultConfigurationIsVisible = 0;
			defaultConfigurationName = Release;
		};
/* End XCConfigurationList section */
	};
	rootObject = 04B23AF729B9F5D400E46DC3 /* Project object */;
}
